# This file is automatically @generated by Cargo.
# It is not intended for manual editing.
version = 4

[[package]]
name = "bitflags"
version = "2.4.2"
source = "registry+https://github.com/rust-lang/crates.io-index"
checksum = "ed570934406eb16438a4e976b1b4500774099c13b8cb96eec99f620f05090ddf"

[[package]]
name = "brainfuck_redox_scheme"
version = "0.1.0"
dependencies = [
 "redox_syscall",
]

[[package]]
name = "redox_syscall"
version = "0.5.15"
source = "registry+https://github.com/rust-lang/crates.io-index"
checksum = "7e8af0dde094006011e6a740d4879319439489813bd0bcdc7d821beaeeff48ec"
dependencies = [
 "bitflags",
]
